
Microsoft Visual Studio Solution File, Format Version 12.00
# Visual Studio 2012
Project("{FAE04EC0-301F-11D3-BF4B-00C04F79EFBC}") = "Phoneword", "Phoneword\Phoneword.csproj", "{536EA79A-7AD5-4A24-B99A-4DA1E18456F1}"
EndProject
Project("{FAE04EC0-301F-11D3-BF4B-00C04F79EFBC}") = "Phoneword.UITests", "Phoneword.UITests\Phoneword.UITests.csproj", "{B20B8906-646E-4B8E-8009-0B52870A3AD3}"
EndProject
Global
	GlobalSection(SolutionConfigurationPlatforms) = preSolution
		Debug|Any CPU = Debug|Any CPU
		Release|Any CPU = Release|Any CPU
	EndGlobalSection
	GlobalSection(ProjectConfigurationPlatforms) = postSolution
		{536EA79A-7AD5-4A24-B99A-4DA1E18456F1}.Debug|Any CPU.ActiveCfg = Debug|Any CPU
		{536EA79A-7AD5-4A24-B99A-4DA1E18456F1}.Debug|Any CPU.Build.0 = Debug|Any CPU
		{536EA79A-7AD5-4A24-B99A-4DA1E18456F1}.Release|Any CPU.ActiveCfg = Release|Any CPU
		{536EA79A-7AD5-4A24-B99A-4DA1E18456F1}.Release|Any CPU.Build.0 = Release|Any CPU
		{B20B8906-646E-4B8E-8009-0B52870A3AD3}.Debug|Any CPU.ActiveCfg = Debug|Any CPU
		{B20B8906-646E-4B8E-8009-0B52870A3AD3}.Debug|Any CPU.Build.0 = Debug|Any CPU
		{B20B8906-646E-4B8E-8009-0B52870A3AD3}.Release|Any CPU.ActiveCfg = Release|Any CPU
		{B20B8906-646E-4B8E-8009-0B52870A3AD3}.Release|Any CPU.Build.0 = Release|Any CPU
	EndGlobalSection
EndGlobal
